github.com/davecgh/go-spew v1.1.1 h1:vj9j/u1bqnvCEfJOwUhtlOARqs3+rkHYY13jYWTU97c=
github.com/davecgh/go-spew v1.1.1/go.mod h1:J7Y8YcW2NihsgmVo/mv3lAwl/skON4iLHjSsI+c5H38=
github.com/google/go-cmp v0.6.0 h1:ofyhxvXcZhMsU5ulbFiLKl/XBFqE1GSq7atu8tAmTRI=
github.com/google/go-cmp v0.6.0/go.mod h1:17dUlkBOakJ0+DkrSSNjCkIjxS6bF9zb3elmeNGIjoY=
github.com/gregwebs/errors v1.14.0 h1:bkCLXmqiH+nNXUZi4+CNmDEUq04y9HQg0kNOtNPMS8E=
github.com/gregwebs/errors v1.14.0/go.mod h1:1NkCObP7+scylHlC69lwHl2ACOHwktWYrZV4EJDEl6g=
github.com/gregwebs/go-concurrent v0.1.0 h1:khACF0e3zdgm2/rIxXzbl8ZvNn4xHf+JJs9HxWDgde0=
github.com/gregwebs/go-concurrent v0.1.0/go.mod h1:7TJ6cEgQT2xq6vl3ba9/gGyNC6/rX1042wi8e1TOk3U=
github.com/gregwebs/go-recovery v0.3.2 h1:vGjQtFXS5lRhDlMlMWCpbm4kQSu2FnZ6ozmxCtCGbJE=
github.com/gregwebs/go-recovery v0.3.2/go.mod h1:q1/QQy0LZN6bIBT90Bc07Xo2ndJEoTc0k8e0l6BN/xY=
github.com/pmezard/go-difflib v1.0.0 h1:4DBwDE0NGyQoBHbLQYPwSUPoCMWR5BEzIk/f1lZbAQM=
github.com/pmezard/go-difflib v1.0.0/go.mod h1:iKH77koFhYxTK1pcRnkKkqfTogsbg7gZNVY4sRDYZ/4=
github.com/shoenig/test v1.11.0 h1:NoPa5GIoBwuqzIviCrnUJa+t5Xb4xi5Z+zODJnIDsEQ=
github.com/shoenig/test v1.11.0/go.mod h1:UxJ6u/x2v/TNs/LoLxBNJRV9DiwBBKYxXSyczsBHFoI=
github.com/stretchr/testify v1.8.1 h1:w7B6lhMri9wdJUVmEZPGGhZzrYTPvgJArz7wNPgYKsk=
github.com/stretchr/testify v1.8.1/go.mod h1:w2LPCIKwWwSfY2zedu0+kehJoqGctiVI29o6fzry7u4=
gopkg.in/yaml.v3 v3.0.1 h1:fxVm/GzAzEWqLHuvctI91KS9hhNmmWOoWu0XTYJS7CA=
gopkg.in/yaml.v3 v3.0.1/go.mod h1:K4uyk7z7BCEPqu6E+C64Yfv1cQ7kz7rIZviUmN+EgEM=
